
Microsoft Visual Studio Solution File, Format Version 12.00
# Visual Studio 15
VisualStudioVersion = 15.0.28307.1000
MinimumVisualStudioVersion = 10.0.40219.1
Project("{8BC9CEB8-8B4A-11D0-8D11-00A0C91BC942}") = "howTocreateRepositoriy", "howTocreateRepositoriy\howTocreateRepositoriy.vcxproj", "{E9BB427D-B52F-4408-88EE-DBC50C314F69}"
EndProject
Global
	GlobalSection(SolutionConfigurationPlatforms) = preSolution
		Debug|x64 = Debug|x64
		Debug|x86 = Debug|x86
		Release|x64 = Release|x64
		Release|x86 = Release|x86
	EndGlobalSection
	GlobalSection(ProjectConfigurationPlatforms) = postSolution
		{E9BB427D-B52F-4408-88EE-DBC50C314F69}.Debug|x64.ActiveCfg = Debug|x64
		{E9BB427D-B52F-4408-88EE-DBC50C314F69}.Debug|x64.Build.0 = Debug|x64
		{E9BB427D-B52F-4408-88EE-DBC50C314F69}.Debug|x86.ActiveCfg = Debug|Win32
		{E9BB427D-B52F-4408-88EE-DBC50C314F69}.Debug|x86.Build.0 = Debug|Win32
		{E9BB427D-B52F-4408-88EE-DBC50C314F69}.Release|x64.ActiveCfg = Release|x64
		{E9BB427D-B52F-4408-88EE-DBC50C314F69}.Release|x64.Build.0 = Release|x64
		{E9BB427D-B52F-4408-88EE-DBC50C314F69}.Release|x86.ActiveCfg = Release|Win32
		{E9BB427D-B52F-4408-88EE-DBC50C314F69}.Release|x86.Build.0 = Release|Win32
	EndGlobalSection
	GlobalSection(SolutionProperties) = preSolution
		HideSolutionNode = FALSE
	EndGlobalSection
	GlobalSection(ExtensibilityGlobals) = postSolution
		SolutionGuid = {E5F25957-6B06-4056-A17F-EEBC327E9B8A}
	EndGlobalSection
EndGlobal
